
Microsoft Visual Studio Solution File, Format Version 12.00
# Visual Studio Version 16
VisualStudioVersion = 16.0.34301.259
MinimumVisualStudioVersion = 10.0.40219.1
Project("{8BC9CEB8-8B4A-11D0-8D11-00A0C91BC942}") = "whileANDforLoops", "whileANDforLoops\whileANDforLoops.vcxproj", "{C1A4E0B5-6CE9-4023-9D21-D6F55AD878A8}"
EndProject
Global
	GlobalSection(SolutionConfigurationPlatforms) = preSolution
		Debug|x64 = Debug|x64
		Debug|x86 = Debug|x86
		Release|x64 = Release|x64
		Release|x86 = Release|x86
	EndGlobalSection
	GlobalSection(ProjectConfigurationPlatforms) = postSolution
		{C1A4E0B5-6CE9-4023-9D21-D6F55AD878A8}.Debug|x64.ActiveCfg = Debug|x64
		{C1A4E0B5-6CE9-4023-9D21-D6F55AD878A8}.Debug|x64.Build.0 = Debug|x64
		{C1A4E0B5-6CE9-4023-9D21-D6F55AD878A8}.Debug|x86.ActiveCfg = Debug|Win32
		{C1A4E0B5-6CE9-4023-9D21-D6F55AD878A8}.Debug|x86.Build.0 = Debug|Win32
		{C1A4E0B5-6CE9-4023-9D21-D6F55AD878A8}.Release|x64.ActiveCfg = Release|x64
		{C1A4E0B5-6CE9-4023-9D21-D6F55AD878A8}.Release|x64.Build.0 = Release|x64
		{C1A4E0B5-6CE9-4023-9D21-D6F55AD878A8}.Release|x86.ActiveCfg = Release|Win32
		{C1A4E0B5-6CE9-4023-9D21-D6F55AD878A8}.Release|x86.Build.0 = Release|Win32
	EndGlobalSection
	GlobalSection(SolutionProperties) = preSolution
		HideSolutionNode = FALSE
	EndGlobalSection
	GlobalSection(ExtensibilityGlobals) = postSolution
		SolutionGuid = {1B517606-C565-48EB-B08D-E3A955CCF5EA}
	EndGlobalSection
EndGlobal
